
Microsoft Visual Studio Solution File, Format Version 12.00
# Visual Studio 15
VisualStudioVersion = 15.0.28307.757
MinimumVisualStudioVersion = 10.0.40219.1
Project("{FAE04EC0-301F-11D3-BF4B-00C04F79EFBC}") = "CS434SA", "nguoiyeu\CS434SA.csproj", "{EDA90AC4-776A-4F52-BFB1-07E9A1D8E4D8}"
EndProject
Global
	GlobalSection(SolutionConfigurationPlatforms) = preSolution
		Debug|Any CPU = Debug|Any CPU
		Release|Any CPU = Release|Any CPU
	EndGlobalSection
	GlobalSection(ProjectConfigurationPlatforms) = postSolution
		{EDA90AC4-776A-4F52-BFB1-07E9A1D8E4D8}.Debug|Any CPU.ActiveCfg = Debug|Any CPU
		{EDA90AC4-776A-4F52-BFB1-07E9A1D8E4D8}.Debug|Any CPU.Build.0 = Debug|Any CPU
		{EDA90AC4-776A-4F52-BFB1-07E9A1D8E4D8}.Release|Any CPU.ActiveCfg = Release|Any CPU
		{EDA90AC4-776A-4F52-BFB1-07E9A1D8E4D8}.Release|Any CPU.Build.0 = Release|Any CPU
	EndGlobalSection
	GlobalSection(SolutionProperties) = preSolution
		HideSolutionNode = FALSE
	EndGlobalSection
	GlobalSection(ExtensibilityGlobals) = postSolution
		SolutionGuid = {A3EF17AA-1B74-498B-BC46-B2B9728A32C5}
	EndGlobalSection
EndGlobal
